
Microsoft Visual Studio Solution File, Format Version 12.00
# Visual Studio Version 16
VisualStudioVersion = 16.0.30128.74
MinimumVisualStudioVersion = 10.0.40219.1
Project("{FAE04EC0-301F-11D3-BF4B-00C04F79EFBC}") = "RecipeBook.Api", "RecipeBook.Api\RecipeBook.Api.csproj", "{5EF64787-0542-4467-A03B-93060F8520FA}"
EndProject
Global
	GlobalSection(SolutionConfigurationPlatforms) = preSolution
		Debug|Any CPU = Debug|Any CPU
		Release|Any CPU = Release|Any CPU
	EndGlobalSection
	GlobalSection(ProjectConfigurationPlatforms) = postSolution
		{5EF64787-0542-4467-A03B-93060F8520FA}.Debug|Any CPU.ActiveCfg = Debug|Any CPU
		{5EF64787-0542-4467-A03B-93060F8520FA}.Debug|Any CPU.Build.0 = Debug|Any CPU
		{5EF64787-0542-4467-A03B-93060F8520FA}.Release|Any CPU.ActiveCfg = Release|Any CPU
		{5EF64787-0542-4467-A03B-93060F8520FA}.Release|Any CPU.Build.0 = Release|Any CPU
	EndGlobalSection
	GlobalSection(SolutionProperties) = preSolution
		HideSolutionNode = FALSE
	EndGlobalSection
	GlobalSection(ExtensibilityGlobals) = postSolution
		SolutionGuid = {B1360CE2-33E8-4BD7-92DF-E2B63F89A546}
	EndGlobalSection
EndGlobal
